
Microsoft Visual Studio Solution File, Format Version 12.00
# Visual Studio Version 16
VisualStudioVersion = 16.0.29306.81
MinimumVisualStudioVersion = 10.0.40219.1
Project("{FAE04EC0-301F-11D3-BF4B-00C04F79EFBC}") = "Tic tac toe", "Tic tac toe.csproj", "{9C017D38-5287-4AB2-8317-99AA35BF5B79}"
EndProject
Global
	GlobalSection(SolutionConfigurationPlatforms) = preSolution
		Debug|Any CPU = Debug|Any CPU
		Release|Any CPU = Release|Any CPU
	EndGlobalSection
	GlobalSection(ProjectConfigurationPlatforms) = postSolution
		{9C017D38-5287-4AB2-8317-99AA35BF5B79}.Debug|Any CPU.ActiveCfg = Debug|Any CPU
		{9C017D38-5287-4AB2-8317-99AA35BF5B79}.Debug|Any CPU.Build.0 = Debug|Any CPU
		{9C017D38-5287-4AB2-8317-99AA35BF5B79}.Release|Any CPU.ActiveCfg = Release|Any CPU
		{9C017D38-5287-4AB2-8317-99AA35BF5B79}.Release|Any CPU.Build.0 = Release|Any CPU
	EndGlobalSection
	GlobalSection(SolutionProperties) = preSolution
		HideSolutionNode = FALSE
	EndGlobalSection
	GlobalSection(ExtensibilityGlobals) = postSolution
		SolutionGuid = {0BD94537-3FC1-4D68-99FB-94B9D42CFCA0}
	EndGlobalSection
EndGlobal
